
Microsoft Visual Studio Solution File, Format Version 12.00
# Visual Studio Version 16
VisualStudioVersion = 25.0.1704.4
MinimumVisualStudioVersion = 10.0.40219.1
Project("{FAE04EC0-301F-11D3-BF4B-00C04F79EFBC}") = "DevAssesmentAPI", "DevAssesmentAPI\DevAssesmentAPI.csproj", "{1BBD7619-2E6E-4571-BACB-E8900F98183C}"
EndProject
Global
	GlobalSection(SolutionConfigurationPlatforms) = preSolution
		Debug|Any CPU = Debug|Any CPU
		Release|Any CPU = Release|Any CPU
	EndGlobalSection
	GlobalSection(ProjectConfigurationPlatforms) = postSolution
		{1BBD7619-2E6E-4571-BACB-E8900F98183C}.Debug|Any CPU.ActiveCfg = Debug|Any CPU
		{1BBD7619-2E6E-4571-BACB-E8900F98183C}.Debug|Any CPU.Build.0 = Debug|Any CPU
		{1BBD7619-2E6E-4571-BACB-E8900F98183C}.Release|Any CPU.ActiveCfg = Release|Any CPU
		{1BBD7619-2E6E-4571-BACB-E8900F98183C}.Release|Any CPU.Build.0 = Release|Any CPU
	EndGlobalSection
	GlobalSection(SolutionProperties) = preSolution
		HideSolutionNode = FALSE
	EndGlobalSection
	GlobalSection(ExtensibilityGlobals) = postSolution
		SolutionGuid = {E215ECA0-1E55-4FFF-BAE4-2D89F6372FF2}
	EndGlobalSection
EndGlobal
